// !$*UTF8*$!
{
	archiveVersion = 1;
	classes = {
	};
	objectVersion = 46;
	objects = {

/* Begin PBXBuildFile section */
		35D6E35AEAC9473FAAAB5BE5 /* libPods-Colors-iOS.a in Frameworks */ = {isa = PBXBuildFile; fileRef = 5F7C4D132FE24A06ACC52E5F /* libPods-Colors-iOS.a */; };
		5B13CA4919721395001D008A /* Settings.bundle in Resources */ = {isa = PBXBuildFile; fileRef = 5B13CA4819721395001D008A /* Settings.bundle */; };
		5B20701A194237BF00D07667 /* Features.plist in Resources */ = {isa = PBXBuildFile; fileRef = F80321679CBE499FFA387688 /* Features.plist */; };
		5B909898193A235E004C12B3 /* Foundation.framework in Frameworks */ = {isa = PBXBuildFile; fileRef = 5B909897193A235E004C12B3 /* Foundation.framework */; };
		5B90989C193A235E004C12B3 /* UIKit.framework in Frameworks */ = {isa = PBXBuildFile; fileRef = 5B90989B193A235E004C12B3 /* UIKit.framework */; };
		5B9098A4193A235E004C12B3 /* main.m in Sources */ = {isa = PBXBuildFile; fileRef = 5B9098A3193A235E004C12B3 /* main.m */; };
		5B9098AB193A235E004C12B3 /* Main_iPhone.storyboard in Resources */ = {isa = PBXBuildFile; fileRef = 5B9098A9193A235E004C12B3 /* Main_iPhone.storyboard */; };
		5B9098B1193A235E004C12B3 /* ViewControlleriOS.m in Sources */ = {isa = PBXBuildFile; fileRef = 5B9098B0193A235E004C12B3 /* ViewControlleriOS.m */; };
		5B9098B3193A235E004C12B3 /* Images.xcassets in Resources */ = {isa = PBXBuildFile; fileRef = 5B9098B2193A235E004C12B3 /* Images.xcassets */; };
		F803204E3B632B5F0E19014F /* AppDelegateiOS.m in Sources */ = {isa = PBXBuildFile; fileRef = F803243E8A66F29C3EA37B65 /* AppDelegateiOS.m */; };
		F80326F51193A67FEB8D4F69 /* FlipTheSwitch+Features.m in Sources */ = {isa = PBXBuildFile; fileRef = F803287440254AB051D00DDB /* FlipTheSwitch+Features.m */; };
/* End PBXBuildFile section */

/* Begin PBXFileReference section */
		0D961C37058021E09DB92885 /* Pods-Colors-iOS.release.xcconfig */ = {isa = PBXFileReference; includeInIndex = 1; lastKnownFileType = text.xcconfig; name = "Pods-Colors-iOS.release.xcconfig"; path = "Pods/Target Support Files/Pods-Colors-iOS/Pods-Colors-iOS.release.xcconfig"; sourceTree = "<group>"; };
		2A0FA57A01F8129C4C31C5D8 /* Pods-Colors-iOS.debug.xcconfig */ = {isa = PBXFileReference; includeInIndex = 1; lastKnownFileType = text.xcconfig; name = "Pods-Colors-iOS.debug.xcconfig"; path = "Pods/Target Support Files/Pods-Colors-iOS/Pods-Colors-iOS.debug.xcconfig"; sourceTree = "<group>"; };
		5B13CA4819721395001D008A /* Settings.bundle */ = {isa = PBXFileReference; lastKnownFileType = "wrapper.plug-in"; path = Settings.bundle; sourceTree = "<group>"; };
		5B909894193A235E004C12B3 /* Colors-iOS.app */ = {isa = PBXFileReference; explicitFileType = wrapper.application; includeInIndex = 0; path = "Colors-iOS.app"; sourceTree = BUILT_PRODUCTS_DIR; };
		5B909897193A235E004C12B3 /* Foundation.framework */ = {isa = PBXFileReference; lastKnownFileType = wrapper.framework; name = Foundation.framework; path = System/Library/Frameworks/Foundation.framework; sourceTree = SDKROOT; };
		5B90989B193A235E004C12B3 /* UIKit.framework */ = {isa = PBXFileReference; lastKnownFileType = wrapper.framework; name = UIKit.framework; path = System/Library/Frameworks/UIKit.framework; sourceTree = SDKROOT; };
		5B90989F193A235E004C12B3 /* Colors-iOS-Info.plist */ = {isa = PBXFileReference; lastKnownFileType = text.plist.xml; path = "Colors-iOS-Info.plist"; sourceTree = "<group>"; };
		5B9098A3193A235E004C12B3 /* main.m */ = {isa = PBXFileReference; lastKnownFileType = sourcecode.c.objc; path = main.m; sourceTree = "<group>"; };
		5B9098A5193A235E004C12B3 /* Colors-iOS-Prefix.pch */ = {isa = PBXFileReference; lastKnownFileType = sourcecode.c.h; path = "Colors-iOS-Prefix.pch"; sourceTree = "<group>"; };
		5B9098AA193A235E004C12B3 /* Base */ = {isa = PBXFileReference; lastKnownFileType = file.storyboard; name = Base; path = Base.lproj/Main_iPhone.storyboard; sourceTree = "<group>"; };
		5B9098AF193A235E004C12B3 /* ViewControlleriOS.h */ = {isa = PBXFileReference; lastKnownFileType = sourcecode.c.h; path = ViewControlleriOS.h; sourceTree = "<group>"; };
		5B9098B0193A235E004C12B3 /* ViewControlleriOS.m */ = {isa = PBXFileReference; lastKnownFileType = sourcecode.c.objc; path = ViewControlleriOS.m; sourceTree = "<group>"; };
		5B9098B2193A235E004C12B3 /* Images.xcassets */ = {isa = PBXFileReference; lastKnownFileType = folder.assetcatalog; path = Images.xcassets; sourceTree = "<group>"; };
		5F7C4D132FE24A06ACC52E5F /* libPods-Colors-iOS.a */ = {isa = PBXFileReference; explicitFileType = archive.ar; includeInIndex = 0; path = "libPods-Colors-iOS.a"; sourceTree = BUILT_PRODUCTS_DIR; };
		F80321679CBE499FFA387688 /* Features.plist */ = {isa = PBXFileReference; fileEncoding = 4; lastKnownFileType = text.plist; path = Features.plist; sourceTree = "<group>"; };
		F803243E8A66F29C3EA37B65 /* AppDelegateiOS.m */ = {isa = PBXFileReference; fileEncoding = 4; lastKnownFileType = sourcecode.c.objc; path = AppDelegateiOS.m; sourceTree = "<group>"; };
		F803287440254AB051D00DDB /* FlipTheSwitch+Features.m */ = {isa = PBXFileReference; fileEncoding = 4; lastKnownFileType = sourcecode.c.objc; path = "FlipTheSwitch+Features.m"; sourceTree = "<group>"; };
		F8032EBDB675B3B788B1297F /* FlipTheSwitch+Features.h */ = {isa = PBXFileReference; fileEncoding = 4; lastKnownFileType = sourcecode.c.h; path = "FlipTheSwitch+Features.h"; sourceTree = "<group>"; };
		F8032F89446610853BDFF019 /* AppDelegateiOS.h */ = {isa = PBXFileReference; fileEncoding = 4; lastKnownFileType = sourcecode.c.h; path = AppDelegateiOS.h; sourceTree = "<group>"; };
/* End PBXFileReference section */

/* Begin PBXFrameworksBuildPhase section */
		5B909891193A235E004C12B3 /* Frameworks */ = {
			isa = PBXFrameworksBuildPhase;
			buildActionMask = 2147483647;
			files = (
				5B90989C193A235E004C12B3 /* UIKit.framework in Frameworks */,
				5B909898193A235E004C12B3 /* Foundation.framework in Frameworks */,
				35D6E35AEAC9473FAAAB5BE5 /* libPods-Colors-iOS.a in Frameworks */,
			);
			runOnlyForDeploymentPostprocessing = 0;
		};
/* End PBXFrameworksBuildPhase section */

/* Begin PBXGroup section */
		5B90988B193A235E004C12B3 = {
			isa = PBXGroup;
			children = (
				5B90989D193A235E004C12B3 /* Colors-iOS */,
				5B909896193A235E004C12B3 /* Frameworks */,
				5B909895193A235E004C12B3 /* Products */,
				C3D7AC360E9D2AD760817EA7 /* Pods */,
			);
			sourceTree = "<group>";
		};
		5B909895193A235E004C12B3 /* Products */ = {
			isa = PBXGroup;
			children = (
				5B909894193A235E004C12B3 /* Colors-iOS.app */,
			);
			name = Products;
			sourceTree = "<group>";
		};
		5B909896193A235E004C12B3 /* Frameworks */ = {
			isa = PBXGroup;
			children = (
				5B909897193A235E004C12B3 /* Foundation.framework */,
				5B90989B193A235E004C12B3 /* UIKit.framework */,
				5F7C4D132FE24A06ACC52E5F /* libPods-Colors-iOS.a */,
			);
			name = Frameworks;
			sourceTree = "<group>";
		};
		5B90989D193A235E004C12B3 /* Colors-iOS */ = {
			isa = PBXGroup;
			children = (
				5B9098A9193A235E004C12B3 /* Main_iPhone.storyboard */,
				5B9098AF193A235E004C12B3 /* ViewControlleriOS.h */,
				5B9098B0193A235E004C12B3 /* ViewControlleriOS.m */,
				5B9098B2193A235E004C12B3 /* Images.xcassets */,
				5B90989E193A235E004C12B3 /* Supporting Files */,
				F8032F89446610853BDFF019 /* AppDelegateiOS.h */,
				F803243E8A66F29C3EA37B65 /* AppDelegateiOS.m */,
				F8032EBDB675B3B788B1297F /* FlipTheSwitch+Features.h */,
				F803287440254AB051D00DDB /* FlipTheSwitch+Features.m */,
				5B13CA4819721395001D008A /* Settings.bundle */,
			);
			path = "Colors-iOS";
			sourceTree = "<group>";
		};
		5B90989E193A235E004C12B3 /* Supporting Files */ = {
			isa = PBXGroup;
			children = (
				5B90989F193A235E004C12B3 /* Colors-iOS-Info.plist */,
				5B9098A3193A235E004C12B3 /* main.m */,
				5B9098A5193A235E004C12B3 /* Colors-iOS-Prefix.pch */,
				F80321679CBE499FFA387688 /* Features.plist */,
			);
			name = "Supporting Files";
			sourceTree = "<group>";
		};
		C3D7AC360E9D2AD760817EA7 /* Pods */ = {
			isa = PBXGroup;
			children = (
				2A0FA57A01F8129C4C31C5D8 /* Pods-Colors-iOS.debug.xcconfig */,
				0D961C37058021E09DB92885 /* Pods-Colors-iOS.release.xcconfig */,
			);
			name = Pods;
			sourceTree = "<group>";
		};
/* End PBXGroup section */

/* Begin PBXNativeTarget section */
		5B909893193A235E004C12B3 /* Colors-iOS */ = {
			isa = PBXNativeTarget;
			buildConfigurationList = 5B9098C9193A235E004C12B3 /* Build configuration list for PBXNativeTarget "Colors-iOS" */;
			buildPhases = (
				55584C56EF90491FA19D948C /* Check Pods Manifest.lock */,
				5B909890193A235E004C12B3 /* Sources */,
				5B909891193A235E004C12B3 /* Frameworks */,
				5B909892193A235E004C12B3 /* Resources */,
				0842EFA4D455433B89965D50 /* Copy Pods Resources */,
			);
			buildRules = (
			);
			dependencies = (
			);
			name = "Colors-iOS";
			productName = Colors;
			productReference = 5B909894193A235E004C12B3 /* Colors-iOS.app */;
			productType = "com.apple.product-type.application";
		};
/* End PBXNativeTarget section */

/* Begin PBXProject section */
		5B90988C193A235E004C12B3 /* Project object */ = {
			isa = PBXProject;
			attributes = {
				LastUpgradeCheck = 0510;
				ORGANIZATIONNAME = MichaelEngland;
			};
			buildConfigurationList = 5B90988F193A235E004C12B3 /* Build configuration list for PBXProject "Colors" */;
			compatibilityVersion = "Xcode 3.2";
			developmentRegion = English;
			hasScannedForEncodings = 0;
			knownRegions = (
				en,
				Base,
			);
			mainGroup = 5B90988B193A235E004C12B3;
			productRefGroup = 5B909895193A235E004C12B3 /* Products */;
			projectDirPath = "";
			projectRoot = "";
			targets = (
				5B909893193A235E004C12B3 /* Colors-iOS */,
			);
		};
/* End PBXProject section */

/* Begin PBXResourcesBuildPhase section */
		5B909892193A235E004C12B3 /* Resources */ = {
			isa = PBXResourcesBuildPhase;
			buildActionMask = 2147483647;
			files = (
				5B13CA4919721395001D008A /* Settings.bundle in Resources */,
				5B20701A194237BF00D07667 /* Features.plist in Resources */,
				5B9098B3193A235E004C12B3 /* Images.xcassets in Resources */,
				5B9098AB193A235E004C12B3 /* Main_iPhone.storyboard in Resources */,
			);
			runOnlyForDeploymentPostprocessing = 0;
		};
/* End PBXResourcesBuildPhase section */

/* Begin PBXShellScriptBuildPhase section */
		0842EFA4D455433B89965D50 /* Copy Pods Resources */ = {
			isa = PBXShellScriptBuildPhase;
			buildActionMask = 2147483647;
			files = (
			);
			inputPaths = (
			);
			name = "Copy Pods Resources";
			outputPaths = (
			);
			runOnlyForDeploymentPostprocessing = 0;
			shellPath = /bin/sh;
			shellScript = "\"${SRCROOT}/Pods/Target Support Files/Pods-Colors-iOS/Pods-Colors-iOS-resources.sh\"\n";
			showEnvVarsInLog = 0;
		};
		55584C56EF90491FA19D948C /* Check Pods Manifest.lock */ = {
			isa = PBXShellScriptBuildPhase;
			buildActionMask = 2147483647;
			files = (
			);
			inputPaths = (
			);
			name = "Check Pods Manifest.lock";
			outputPaths = (
			);
			runOnlyForDeploymentPostprocessing = 0;
			shellPath = /bin/sh;
			shellScript = "diff \"${PODS_ROOT}/../Podfile.lock\" \"${PODS_ROOT}/Manifest.lock\" > /dev/null\nif [[ $? != 0 ]] ; then\n    cat << EOM\nerror: The sandbox is not in sync with the Podfile.lock. Run 'pod install' or update your CocoaPods installation.\nEOM\n    exit 1\nfi\n";
			showEnvVarsInLog = 0;
		};
/* End PBXShellScriptBuildPhase section */

/* Begin PBXSourcesBuildPhase section */
		5B909890193A235E004C12B3 /* Sources */ = {
			isa = PBXSourcesBuildPhase;
			buildActionMask = 2147483647;
			files = (
				5B9098B1193A235E004C12B3 /* ViewControlleriOS.m in Sources */,
				5B9098A4193A235E004C12B3 /* main.m in Sources */,
				F803204E3B632B5F0E19014F /* AppDelegateiOS.m in Sources */,
				F80326F51193A67FEB8D4F69 /* FlipTheSwitch+Features.m in Sources */,
			);
			runOnlyForDeploymentPostprocessing = 0;
		};
/* End PBXSourcesBuildPhase section */

/* Begin PBXVariantGroup section */
		5B9098A9193A235E004C12B3 /* Main_iPhone.storyboard */ = {
			isa = PBXVariantGroup;
			children = (
				5B9098AA193A235E004C12B3 /* Base */,
			);
			name = Main_iPhone.storyboard;
			sourceTree = "<group>";
		};
/* End PBXVariantGroup section */

/* Begin XCBuildConfiguration section */
		5B9098C7193A235E004C12B3 /* Debug */ = {
			isa = XCBuildConfiguration;
			buildSettings = {
				ALWAYS_SEARCH_USER_PATHS = NO;
				CLANG_CXX_LANGUAGE_STANDARD = "gnu++0x";
				CLANG_CXX_LIBRARY = "libc++";
				CLANG_ENABLE_MODULES = YES;
				CLANG_ENABLE_OBJC_ARC = YES;
				CLANG_WARN_BOOL_CONVERSION = YES;
				CLANG_WARN_CONSTANT_CONVERSION = YES;
				CLANG_WARN_DIRECT_OBJC_ISA_USAGE = YES_ERROR;
				CLANG_WARN_EMPTY_BODY = YES;
				CLANG_WARN_ENUM_CONVERSION = YES;
				CLANG_WARN_INT_CONVERSION = YES;
				CLANG_WARN_OBJC_ROOT_CLASS = YES_ERROR;
				CLANG_WARN__DUPLICATE_METHOD_MATCH = YES;
				"CODE_SIGN_IDENTITY[sdk=iphoneos*]" = "iPhone Developer";
				COPY_PHASE_STRIP = NO;
				GCC_C_LANGUAGE_STANDARD = gnu99;
				GCC_DYNAMIC_NO_PIC = NO;
				GCC_OPTIMIZATION_LEVEL = 0;
				GCC_PREPROCESSOR_DEFINITIONS = (
					"DEBUG=1",
					"$(inherited)",
				);
				GCC_SYMBOLS_PRIVATE_EXTERN = NO;
				GCC_WARN_64_TO_32_BIT_CONVERSION = YES;
				GCC_WARN_ABOUT_RETURN_TYPE = YES_ERROR;
				GCC_WARN_UNDECLARED_SELECTOR = YES;
				GCC_WARN_UNINITIALIZED_AUTOS = YES_AGGRESSIVE;
				GCC_WARN_UNUSED_FUNCTION = YES;
				GCC_WARN_UNUSED_VARIABLE = YES;
				IPHONEOS_DEPLOYMENT_TARGET = 7.1;
				ONLY_ACTIVE_ARCH = YES;
				SDKROOT = iphoneos;
				TARGETED_DEVICE_FAMILY = "1,2";
			};
			name = Debug;
		};
		5B9098C8193A235E004C12B3 /* Release */ = {
			isa = XCBuildConfiguration;
			buildSettings = {
				ALWAYS_SEARCH_USER_PATHS = NO;
				CLANG_CXX_LANGUAGE_STANDARD = "gnu++0x";
				CLANG_CXX_LIBRARY = "libc++";
				CLANG_ENABLE_MODULES = YES;
				CLANG_ENABLE_OBJC_ARC = YES;
				CLANG_WARN_BOOL_CONVERSION = YES;
				CLANG_WARN_CONSTANT_CONVERSION = YES;
				CLANG_WARN_DIRECT_OBJC_ISA_USAGE = YES_ERROR;
				CLANG_WARN_EMPTY_BODY = YES;
				CLANG_WARN_ENUM_CONVERSION = YES;
				CLANG_WARN_INT_CONVERSION = YES;
				CLANG_WARN_OBJC_ROOT_CLASS = YES_ERROR;
				CLANG_WARN__DUPLICATE_METHOD_MATCH = YES;
				"CODE_SIGN_IDENTITY[sdk=iphoneos*]" = "iPhone Developer";
				COPY_PHASE_STRIP = YES;
				ENABLE_NS_ASSERTIONS = NO;
				GCC_C_LANGUAGE_STANDARD = gnu99;
				GCC_WARN_64_TO_32_BIT_CONVERSION = YES;
				GCC_WARN_ABOUT_RETURN_TYPE = YES_ERROR;
				GCC_WARN_UNDECLARED_SELECTOR = YES;
				GCC_WARN_UNINITIALIZED_AUTOS = YES_AGGRESSIVE;
				GCC_WARN_UNUSED_FUNCTION = YES;
				GCC_WARN_UNUSED_VARIABLE = YES;
				IPHONEOS_DEPLOYMENT_TARGET = 7.1;
				SDKROOT = iphoneos;
				TARGETED_DEVICE_FAMILY = "1,2";
				VALIDATE_PRODUCT = YES;
			};
			name = Release;
		};
		5B9098CA193A235E004C12B3 /* Debug */ = {
			isa = XCBuildConfiguration;
			baseConfigurationReference = 2A0FA57A01F8129C4C31C5D8 /* Pods-Colors-iOS.debug.xcconfig */;
			buildSettings = {
				ASSETCATALOG_COMPILER_APPICON_NAME = AppIcon;
				ASSETCATALOG_COMPILER_LAUNCHIMAGE_NAME = LaunchImage;
				GCC_PRECOMPILE_PREFIX_HEADER = YES;
				GCC_PREFIX_HEADER = "Colors-iOS/Colors-iOS-Prefix.pch";
				INFOPLIST_FILE = "Colors-iOS/Colors-iOS-Info.plist";
				PRODUCT_NAME = "$(TARGET_NAME)";
				TARGETED_DEVICE_FAMILY = 1;
				WRAPPER_EXTENSION = app;
			};
			name = Debug;
		};
		5B9098CB193A235E004C12B3 /* Release */ = {
			isa = XCBuildConfiguration;
			baseConfigurationReference = 0D961C37058021E09DB92885 /* Pods-Colors-iOS.release.xcconfig */;
			buildSettings = {
				ASSETCATALOG_COMPILER_APPICON_NAME = AppIcon;
				ASSETCATALOG_COMPILER_LAUNCHIMAGE_NAME = LaunchImage;
				GCC_PRECOMPILE_PREFIX_HEADER = YES;
				GCC_PREFIX_HEADER = "Colors-iOS/Colors-iOS-Prefix.pch";
				INFOPLIST_FILE = "Colors-iOS/Colors-iOS-Info.plist";
				PRODUCT_NAME = "$(TARGET_NAME)";
				TARGETED_DEVICE_FAMILY = 1;
				WRAPPER_EXTENSION = app;
			};
			name = Release;
		};
/* End XCBuildConfiguration section */

/* Begin XCConfigurationList section */
		5B90988F193A235E004C12B3 /* Build configuration list for PBXProject "Colors" */ = {
			isa = XCConfigurationList;
			buildConfigurations = (
				5B9098C7193A235E004C12B3 /* Debug */,
				5B9098C8193A235E004C12B3 /* Release */,
			);
			defaultConfigurationIsVisible = 0;
			defaultConfigurationName = Release;
		};
		5B9098C9193A235E004C12B3 /* Build configuration list for PBXNativeTarget "Colors-iOS" */ = {
			isa = XCConfigurationList;
			buildConfigurations = (
				5B9098CA193A235E004C12B3 /* Debug */,
				5B9098CB193A235E004C12B3 /* Release */,
			);
			defaultConfigurationIsVisible = 0;
			defaultConfigurationName = Release;
		};
/* End XCConfigurationList section */
	};
	rootObject = 5B90988C193A235E004C12B3 /* Project object */;
}
